<?xml version="1.0" encoding="utf-8"?>
<Project ToolsVersion="16.0" xmlns="http://schemas.microsoft.com/developer/msbuild/2003">
  <ItemGroup>
    <ClCompile Include="..\imageio\image_dec.c">
      <Filter>Source Files</Filter>
    </ClCompile>
    <ClCompile Include="..\imageio\jpegdec.c">
      <Filter>Source Files</Filter>
    </ClCompile>
    <ClCompile Include="..\imageio\metadata.c">
      <Filter>Source Files</Filter>
    </ClCompile>
    <ClCompile Include="..\imageio\pngdec.c">
      <Filter>Source Files</Filter>
    </ClCompile>
    <ClCompile Include="..\imageio\pnmdec.c">
      <Filter>Source Files</Filter>
    </ClCompile>
    <ClCompile Include="..\imageio\tiffdec.c">
      <Filter>Source Files</Filter>
    </ClCompile>
    <ClCompile Include="..\imageio\webpdec.c">
      <Filter>Source Files</Filter>
    </ClCompile>
    <ClCompile Include="..\imageio\wicdec.c">
      <Filter>Source Files</Filter>
    </ClCompile>
  </ItemGroup>
  <ItemGroup>
    <ClInclude Include="..\imageio\image_dec.h">
      <Filter>Header Files</Filter>
    </ClInclude>
    <ClInclude Include="..\imageio\jpegdec.h">
      <Filter>Header Files</Filter>
    </ClInclude>
    <ClInclude Include="..\imageio\metadata.h">
      <Filter>Header Files</Filter>
    </ClInclude>
    <ClInclude Include="..\imageio\pngdec.h">
      <Filter>Header Files</Filter>
    </ClInclude>
    <ClInclude Include="..\imageio\pnmdec.h">
      <Filter>Header Files</Filter>
    </ClInclude>
    <ClInclude Include="..\imageio\tiffdec.h">
      <Filter>Header Files</Filter>
    </ClInclude>
    <ClInclude Include="..\imageio\webpdec.h">
      <Filter>Header Files</Filter>
    </ClInclude>
    <ClInclude Include="..\imageio\wicdec.h">
      <Filter>Header Files</Filter>
    </ClInclude>
  </ItemGroup>
  <ItemGroup>
    <Filter Include="Header Files">
      <UniqueIdentifier>{32EA54A3-DA7E-3F46-BB42-7F804968D286}</UniqueIdentifier>
    </Filter>
    <Filter Include="Source Files">
      <UniqueIdentifier>{1190BD1B-BFED-30F4-9837-9A1B8435BF16}</UniqueIdentifier>
    </Filter>
  </ItemGroup>
</Project>