<?xml version="1.0" encoding="utf-8"?>
<Project ToolsVersion="16.0" xmlns="http://schemas.microsoft.com/developer/msbuild/2003">
  <ItemGroup>
    <CustomBuild Include="N:\Development\Dev_Base\libwebp-1.3.0\msvc\CMakeFiles\6d5ba78e605c76552789e3f4195fc2e1\INSTALL_force.rule">
      <Filter>CMake Rules</Filter>
    </CustomBuild>
  </ItemGroup>
  <ItemGroup>
    <Filter Include="CMake Rules">
      <UniqueIdentifier>{3C6079A1-D1CB-3556-B2A4-FFF9B6CE7DAA}</UniqueIdentifier>
    </Filter>
  </ItemGroup>
</Project>
