<?xml version="1.0" encoding="utf-8"?>
<Project ToolsVersion="16.0" xmlns="http://schemas.microsoft.com/developer/msbuild/2003">
  <ItemGroup>
    <ClCompile Include="..\src\mux\anim_encode.c">
      <Filter>Source Files</Filter>
    </ClCompile>
    <ClCompile Include="..\src\mux\muxedit.c">
      <Filter>Source Files</Filter>
    </ClCompile>
    <ClCompile Include="..\src\mux\muxinternal.c">
      <Filter>Source Files</Filter>
    </ClCompile>
    <ClCompile Include="..\src\mux\muxread.c">
      <Filter>Source Files</Filter>
    </ClCompile>
  </ItemGroup>
  <ItemGroup>
    <ClInclude Include="..\src\mux\animi.h">
      <Filter>Header Files</Filter>
    </ClInclude>
    <ClInclude Include="..\src\mux\muxi.h">
      <Filter>Header Files</Filter>
    </ClInclude>
  </ItemGroup>
  <ItemGroup>
    <Filter Include="Header Files">
      <UniqueIdentifier>{32EA54A3-DA7E-3F46-BB42-7F804968D286}</UniqueIdentifier>
    </Filter>
    <Filter Include="Source Files">
      <UniqueIdentifier>{1190BD1B-BFED-30F4-9837-9A1B8435BF16}</UniqueIdentifier>
    </Filter>
  </ItemGroup>
</Project>