<?xml version="1.0" encoding="utf-8"?>
<Project ToolsVersion="16.0" xmlns="http://schemas.microsoft.com/developer/msbuild/2003">
  <ItemGroup>
    <Object Include=".\webpdecode.dir\vc$(PlatformToolsetVersion)\$(Platform)\$(Configuration)\alpha_dec.obj" />
    <Object Include=".\webpdecode.dir\vc$(PlatformToolsetVersion)\$(Platform)\$(Configuration)\buffer_dec.obj" />
    <Object Include=".\webpdecode.dir\vc$(PlatformToolsetVersion)\$(Platform)\$(Configuration)\frame_dec.obj" />
    <Object Include=".\webpdecode.dir\vc$(PlatformToolsetVersion)\$(Platform)\$(Configuration)\idec_dec.obj" />
    <Object Include=".\webpdecode.dir\vc$(PlatformToolsetVersion)\$(Platform)\$(Configuration)\io_dec.obj" />
    <Object Include=".\webpdecode.dir\vc$(PlatformToolsetVersion)\$(Platform)\$(Configuration)\quant_dec.obj" />
    <Object Include=".\webpdecode.dir\vc$(PlatformToolsetVersion)\$(Platform)\$(Configuration)\tree_dec.obj" />
    <Object Include=".\webpdecode.dir\vc$(PlatformToolsetVersion)\$(Platform)\$(Configuration)\vp8_dec.obj" />
    <Object Include=".\webpdecode.dir\vc$(PlatformToolsetVersion)\$(Platform)\$(Configuration)\vp8l_dec.obj" />
    <Object Include=".\webpdecode.dir\vc$(PlatformToolsetVersion)\$(Platform)\$(Configuration)\webp_dec.obj" />
    <Object Include=".\webpdsp.dir\vc$(PlatformToolsetVersion)\$(Platform)\$(Configuration)\alpha_processing.obj" />
    <Object Include=".\webpdsp.dir\vc$(PlatformToolsetVersion)\$(Platform)\$(Configuration)\cpu.obj" />
    <Object Include=".\webpdsp.dir\vc$(PlatformToolsetVersion)\$(Platform)\$(Configuration)\dec.obj" />
    <Object Include=".\webpdsp.dir\vc$(PlatformToolsetVersion)\$(Platform)\$(Configuration)\dec_clip_tables.obj" />
    <Object Include=".\webpdsp.dir\vc$(PlatformToolsetVersion)\$(Platform)\$(Configuration)\filters.obj" />
    <Object Include=".\webpdsp.dir\vc$(PlatformToolsetVersion)\$(Platform)\$(Configuration)\lossless.obj" />
    <Object Include=".\webpdsp.dir\vc$(PlatformToolsetVersion)\$(Platform)\$(Configuration)\rescaler.obj" />
    <Object Include=".\webpdsp.dir\vc$(PlatformToolsetVersion)\$(Platform)\$(Configuration)\upsampling.obj" />
    <Object Include=".\webpdsp.dir\vc$(PlatformToolsetVersion)\$(Platform)\$(Configuration)\yuv.obj" />
    <Object Include=".\webpdsp.dir\vc$(PlatformToolsetVersion)\$(Platform)\$(Configuration)\alpha_processing_sse41.obj" />
    <Object Include=".\webpdsp.dir\vc$(PlatformToolsetVersion)\$(Platform)\$(Configuration)\dec_sse41.obj" />
    <Object Include=".\webpdsp.dir\vc$(PlatformToolsetVersion)\$(Platform)\$(Configuration)\lossless_sse41.obj" />
    <Object Include=".\webpdsp.dir\vc$(PlatformToolsetVersion)\$(Platform)\$(Configuration)\upsampling_sse41.obj" />
    <Object Include=".\webpdsp.dir\vc$(PlatformToolsetVersion)\$(Platform)\$(Configuration)\yuv_sse41.obj" />
    <Object Include=".\webpdsp.dir\vc$(PlatformToolsetVersion)\$(Platform)\$(Configuration)\alpha_processing_sse2.obj" />
    <Object Include=".\webpdsp.dir\vc$(PlatformToolsetVersion)\$(Platform)\$(Configuration)\dec_sse2.obj" />
    <Object Include=".\webpdsp.dir\vc$(PlatformToolsetVersion)\$(Platform)\$(Configuration)\filters_sse2.obj" />
    <Object Include=".\webpdsp.dir\vc$(PlatformToolsetVersion)\$(Platform)\$(Configuration)\lossless_sse2.obj" />
    <Object Include=".\webpdsp.dir\vc$(PlatformToolsetVersion)\$(Platform)\$(Configuration)\rescaler_sse2.obj" />
    <Object Include=".\webpdsp.dir\vc$(PlatformToolsetVersion)\$(Platform)\$(Configuration)\upsampling_sse2.obj" />
    <Object Include=".\webpdsp.dir\vc$(PlatformToolsetVersion)\$(Platform)\$(Configuration)\yuv_sse2.obj" />
    <Object Include=".\webpdsp.dir\vc$(PlatformToolsetVersion)\$(Platform)\$(Configuration)\cost.obj" />
    <Object Include=".\webpdsp.dir\vc$(PlatformToolsetVersion)\$(Platform)\$(Configuration)\enc.obj" />
    <Object Include=".\webpdsp.dir\vc$(PlatformToolsetVersion)\$(Platform)\$(Configuration)\lossless_enc.obj" />
    <Object Include=".\webpdsp.dir\vc$(PlatformToolsetVersion)\$(Platform)\$(Configuration)\ssim.obj" />
    <Object Include=".\webpdsp.dir\vc$(PlatformToolsetVersion)\$(Platform)\$(Configuration)\cost_sse2.obj" />
    <Object Include=".\webpdsp.dir\vc$(PlatformToolsetVersion)\$(Platform)\$(Configuration)\enc_sse2.obj" />
    <Object Include=".\webpdsp.dir\vc$(PlatformToolsetVersion)\$(Platform)\$(Configuration)\lossless_enc_sse2.obj" />
    <Object Include=".\webpdsp.dir\vc$(PlatformToolsetVersion)\$(Platform)\$(Configuration)\ssim_sse2.obj" />
    <Object Include=".\webpdsp.dir\vc$(PlatformToolsetVersion)\$(Platform)\$(Configuration)\enc_sse41.obj" />
    <Object Include=".\webpdsp.dir\vc$(PlatformToolsetVersion)\$(Platform)\$(Configuration)\lossless_enc_sse41.obj" />
    <Object Include=".\webpencode.dir\vc$(PlatformToolsetVersion)\$(Platform)\$(Configuration)\alpha_enc.obj" />
    <Object Include=".\webpencode.dir\vc$(PlatformToolsetVersion)\$(Platform)\$(Configuration)\analysis_enc.obj" />
    <Object Include=".\webpencode.dir\vc$(PlatformToolsetVersion)\$(Platform)\$(Configuration)\backward_references_cost_enc.obj" />
    <Object Include=".\webpencode.dir\vc$(PlatformToolsetVersion)\$(Platform)\$(Configuration)\backward_references_enc.obj" />
    <Object Include=".\webpencode.dir\vc$(PlatformToolsetVersion)\$(Platform)\$(Configuration)\config_enc.obj" />
    <Object Include=".\webpencode.dir\vc$(PlatformToolsetVersion)\$(Platform)\$(Configuration)\cost_enc.obj" />
    <Object Include=".\webpencode.dir\vc$(PlatformToolsetVersion)\$(Platform)\$(Configuration)\filter_enc.obj" />
    <Object Include=".\webpencode.dir\vc$(PlatformToolsetVersion)\$(Platform)\$(Configuration)\frame_enc.obj" />
    <Object Include=".\webpencode.dir\vc$(PlatformToolsetVersion)\$(Platform)\$(Configuration)\histogram_enc.obj" />
    <Object Include=".\webpencode.dir\vc$(PlatformToolsetVersion)\$(Platform)\$(Configuration)\iterator_enc.obj" />
    <Object Include=".\webpencode.dir\vc$(PlatformToolsetVersion)\$(Platform)\$(Configuration)\near_lossless_enc.obj" />
    <Object Include=".\webpencode.dir\vc$(PlatformToolsetVersion)\$(Platform)\$(Configuration)\picture_enc.obj" />
    <Object Include=".\webpencode.dir\vc$(PlatformToolsetVersion)\$(Platform)\$(Configuration)\picture_csp_enc.obj" />
    <Object Include=".\webpencode.dir\vc$(PlatformToolsetVersion)\$(Platform)\$(Configuration)\picture_psnr_enc.obj" />
    <Object Include=".\webpencode.dir\vc$(PlatformToolsetVersion)\$(Platform)\$(Configuration)\picture_rescale_enc.obj" />
    <Object Include=".\webpencode.dir\vc$(PlatformToolsetVersion)\$(Platform)\$(Configuration)\picture_tools_enc.obj" />
    <Object Include=".\webpencode.dir\vc$(PlatformToolsetVersion)\$(Platform)\$(Configuration)\predictor_enc.obj" />
    <Object Include=".\webpencode.dir\vc$(PlatformToolsetVersion)\$(Platform)\$(Configuration)\quant_enc.obj" />
    <Object Include=".\webpencode.dir\vc$(PlatformToolsetVersion)\$(Platform)\$(Configuration)\syntax_enc.obj" />
    <Object Include=".\webpencode.dir\vc$(PlatformToolsetVersion)\$(Platform)\$(Configuration)\token_enc.obj" />
    <Object Include=".\webpencode.dir\vc$(PlatformToolsetVersion)\$(Platform)\$(Configuration)\tree_enc.obj" />
    <Object Include=".\webpencode.dir\vc$(PlatformToolsetVersion)\$(Platform)\$(Configuration)\vp8l_enc.obj" />
    <Object Include=".\webpencode.dir\vc$(PlatformToolsetVersion)\$(Platform)\$(Configuration)\webp_enc.obj" />
    <Object Include=".\webputils.dir\vc$(PlatformToolsetVersion)\$(Platform)\$(Configuration)\bit_reader_utils.obj" />
    <Object Include=".\webputils.dir\vc$(PlatformToolsetVersion)\$(Platform)\$(Configuration)\color_cache_utils.obj" />
    <Object Include=".\webputils.dir\vc$(PlatformToolsetVersion)\$(Platform)\$(Configuration)\filters_utils.obj" />
    <Object Include=".\webputils.dir\vc$(PlatformToolsetVersion)\$(Platform)\$(Configuration)\huffman_utils.obj" />
    <Object Include=".\webputils.dir\vc$(PlatformToolsetVersion)\$(Platform)\$(Configuration)\quant_levels_dec_utils.obj" />
    <Object Include=".\webputils.dir\vc$(PlatformToolsetVersion)\$(Platform)\$(Configuration)\rescaler_utils.obj" />
    <Object Include=".\webputils.dir\vc$(PlatformToolsetVersion)\$(Platform)\$(Configuration)\random_utils.obj" />
    <Object Include=".\webputils.dir\vc$(PlatformToolsetVersion)\$(Platform)\$(Configuration)\thread_utils.obj" />
    <Object Include=".\webputils.dir\vc$(PlatformToolsetVersion)\$(Platform)\$(Configuration)\utils.obj" />
    <Object Include=".\webputils.dir\vc$(PlatformToolsetVersion)\$(Platform)\$(Configuration)\bit_writer_utils.obj" />
    <Object Include=".\webputils.dir\vc$(PlatformToolsetVersion)\$(Platform)\$(Configuration)\huffman_encode_utils.obj" />
    <Object Include=".\webputils.dir\vc$(PlatformToolsetVersion)\$(Platform)\$(Configuration)\quant_levels_utils.obj" />
  </ItemGroup>
  <ItemGroup>
    <Filter Include="Object Libraries">
      <UniqueIdentifier>{D2512CF5-A0D6-3952-A49E-8377D6771DC2}</UniqueIdentifier>
    </Filter>
  </ItemGroup>
</Project>