Microsoft Visual Studio Solution File, Format Version 12.00
# Visual Studio Version 17
VisualStudioVersion = 17.0.31903.59
MinimumVisualStudioVersion = 10.0.40219.1
Project("{8BC9CEB8-8B4A-11D0-8D11-00A0C91BC942}") = "anim_diff", "anim_diff.vcxproj", "{745CABC6-FE5F-3A77-A51B-CF4EE832D2A6}"
	ProjectSection(ProjectDependencies) = postProject
		{97C2FE97-C4ED-3F43-BA8C-1D896AB8D4B9} = {97C2FE97-C4ED-3F43-BA8C-1D896AB8D4B9}
		{DE63556A-2DCC-38E0-BF13-2AE20D835EFF} = {DE63556A-2DCC-38E0-BF13-2AE20D835EFF}
		{683C67B9-45A3-334A-9476-29427FCC78C0} = {683C67B9-45A3-334A-9476-29427FCC78C0}
		{C3A90726-A2E0-3525-B1A1-BD2F8885D1F2} = {C3A90726-A2E0-3525-B1A1-BD2F8885D1F2}
		{28B80E64-8DC3-3291-9023-23E4C7FCD5A1} = {28B80E64-8DC3-3291-9023-23E4C7FCD5A1}
		{E561AE6C-D7FC-36E4-9D91-B0F5B2747086} = {E561AE6C-D7FC-36E4-9D91-B0F5B2747086}
		{38AAEE27-E989-34FC-BAC9-BA9F9C0A5639} = {38AAEE27-E989-34FC-BAC9-BA9F9C0A5639}
	EndProjectSection
EndProject
Project("{8BC9CEB8-8B4A-11D0-8D11-00A0C91BC942}") = "anim_dump", "anim_dump.vcxproj", "{551AD50B-F173-3E83-AFD3-CFB5A7AC9BEB}"
	ProjectSection(ProjectDependencies) = postProject
		{97C2FE97-C4ED-3F43-BA8C-1D896AB8D4B9} = {97C2FE97-C4ED-3F43-BA8C-1D896AB8D4B9}
		{DE63556A-2DCC-38E0-BF13-2AE20D835EFF} = {DE63556A-2DCC-38E0-BF13-2AE20D835EFF}
		{683C67B9-45A3-334A-9476-29427FCC78C0} = {683C67B9-45A3-334A-9476-29427FCC78C0}
		{C3A90726-A2E0-3525-B1A1-BD2F8885D1F2} = {C3A90726-A2E0-3525-B1A1-BD2F8885D1F2}
		{28B80E64-8DC3-3291-9023-23E4C7FCD5A1} = {28B80E64-8DC3-3291-9023-23E4C7FCD5A1}
		{E561AE6C-D7FC-36E4-9D91-B0F5B2747086} = {E561AE6C-D7FC-36E4-9D91-B0F5B2747086}
		{38AAEE27-E989-34FC-BAC9-BA9F9C0A5639} = {38AAEE27-E989-34FC-BAC9-BA9F9C0A5639}
	EndProjectSection
EndProject
Project("{8BC9CEB8-8B4A-11D0-8D11-00A0C91BC942}") = "cwebp", "cwebp.vcxproj", "{FB4D9B66-31A1-392F-9C32-554E60DC9B74}"
	ProjectSection(ProjectDependencies) = postProject
		{97C2FE97-C4ED-3F43-BA8C-1D896AB8D4B9} = {97C2FE97-C4ED-3F43-BA8C-1D896AB8D4B9}
		{DE63556A-2DCC-38E0-BF13-2AE20D835EFF} = {DE63556A-2DCC-38E0-BF13-2AE20D835EFF}
		{C3A90726-A2E0-3525-B1A1-BD2F8885D1F2} = {C3A90726-A2E0-3525-B1A1-BD2F8885D1F2}
		{28B80E64-8DC3-3291-9023-23E4C7FCD5A1} = {28B80E64-8DC3-3291-9023-23E4C7FCD5A1}
		{E561AE6C-D7FC-36E4-9D91-B0F5B2747086} = {E561AE6C-D7FC-36E4-9D91-B0F5B2747086}
		{38AAEE27-E989-34FC-BAC9-BA9F9C0A5639} = {38AAEE27-E989-34FC-BAC9-BA9F9C0A5639}
	EndProjectSection
EndProject
Project("{8BC9CEB8-8B4A-11D0-8D11-00A0C91BC942}") = "dwebp", "dwebp.vcxproj", "{CBBD0579-09B8-3FB6-8CDA-CE97747E2A6A}"
	ProjectSection(ProjectDependencies) = postProject
		{97C2FE97-C4ED-3F43-BA8C-1D896AB8D4B9} = {97C2FE97-C4ED-3F43-BA8C-1D896AB8D4B9}
		{DE63556A-2DCC-38E0-BF13-2AE20D835EFF} = {DE63556A-2DCC-38E0-BF13-2AE20D835EFF}
		{683C67B9-45A3-334A-9476-29427FCC78C0} = {683C67B9-45A3-334A-9476-29427FCC78C0}
		{C3A90726-A2E0-3525-B1A1-BD2F8885D1F2} = {C3A90726-A2E0-3525-B1A1-BD2F8885D1F2}
		{28B80E64-8DC3-3291-9023-23E4C7FCD5A1} = {28B80E64-8DC3-3291-9023-23E4C7FCD5A1}
		{E561AE6C-D7FC-36E4-9D91-B0F5B2747086} = {E561AE6C-D7FC-36E4-9D91-B0F5B2747086}
		{38AAEE27-E989-34FC-BAC9-BA9F9C0A5639} = {38AAEE27-E989-34FC-BAC9-BA9F9C0A5639}
	EndProjectSection
EndProject
Project("{8BC9CEB8-8B4A-11D0-8D11-00A0C91BC942}") = "exampleutil", "exampleutil.vcxproj", "{97C2FE97-C4ED-3F43-BA8C-1D896AB8D4B9}"
	ProjectSection(ProjectDependencies) = postProject
		{C3A90726-A2E0-3525-B1A1-BD2F8885D1F2} = {C3A90726-A2E0-3525-B1A1-BD2F8885D1F2}
		{28B80E64-8DC3-3291-9023-23E4C7FCD5A1} = {28B80E64-8DC3-3291-9023-23E4C7FCD5A1}
		{E561AE6C-D7FC-36E4-9D91-B0F5B2747086} = {E561AE6C-D7FC-36E4-9D91-B0F5B2747086}
	EndProjectSection
EndProject
Project("{8BC9CEB8-8B4A-11D0-8D11-00A0C91BC942}") = "extras", "extras.vcxproj", "{A3420854-2158-3954-8111-9480850FE0CD}"
EndProject
Project("{8BC9CEB8-8B4A-11D0-8D11-00A0C91BC942}") = "get_disto", "get_disto.vcxproj", "{C122CD9D-5768-3525-A6F0-6C72320AF7FF}"
	ProjectSection(ProjectDependencies) = postProject
		{DE63556A-2DCC-38E0-BF13-2AE20D835EFF} = {DE63556A-2DCC-38E0-BF13-2AE20D835EFF}
		{C3A90726-A2E0-3525-B1A1-BD2F8885D1F2} = {C3A90726-A2E0-3525-B1A1-BD2F8885D1F2}
		{28B80E64-8DC3-3291-9023-23E4C7FCD5A1} = {28B80E64-8DC3-3291-9023-23E4C7FCD5A1}
		{E561AE6C-D7FC-36E4-9D91-B0F5B2747086} = {E561AE6C-D7FC-36E4-9D91-B0F5B2747086}
		{38AAEE27-E989-34FC-BAC9-BA9F9C0A5639} = {38AAEE27-E989-34FC-BAC9-BA9F9C0A5639}
	EndProjectSection
EndProject
Project("{8BC9CEB8-8B4A-11D0-8D11-00A0C91BC942}") = "gif2webp", "gif2webp.vcxproj", "{5124CB78-88D7-3D89-BB3A-E62AF2F46504}"
	ProjectSection(ProjectDependencies) = postProject
		{97C2FE97-C4ED-3F43-BA8C-1D896AB8D4B9} = {97C2FE97-C4ED-3F43-BA8C-1D896AB8D4B9}
		{C3A90726-A2E0-3525-B1A1-BD2F8885D1F2} = {C3A90726-A2E0-3525-B1A1-BD2F8885D1F2}
		{999F8993-5C78-395F-B2DF-9BB7FCA0BA67} = {999F8993-5C78-395F-B2DF-9BB7FCA0BA67}
		{28B80E64-8DC3-3291-9023-23E4C7FCD5A1} = {28B80E64-8DC3-3291-9023-23E4C7FCD5A1}
		{E561AE6C-D7FC-36E4-9D91-B0F5B2747086} = {E561AE6C-D7FC-36E4-9D91-B0F5B2747086}
	EndProjectSection
EndProject
Project("{8BC9CEB8-8B4A-11D0-8D11-00A0C91BC942}") = "imagedec", "imagedec.vcxproj", "{DE63556A-2DCC-38E0-BF13-2AE20D835EFF}"
	ProjectSection(ProjectDependencies) = postProject
		{C3A90726-A2E0-3525-B1A1-BD2F8885D1F2} = {C3A90726-A2E0-3525-B1A1-BD2F8885D1F2}
		{28B80E64-8DC3-3291-9023-23E4C7FCD5A1} = {28B80E64-8DC3-3291-9023-23E4C7FCD5A1}
		{E561AE6C-D7FC-36E4-9D91-B0F5B2747086} = {E561AE6C-D7FC-36E4-9D91-B0F5B2747086}
		{38AAEE27-E989-34FC-BAC9-BA9F9C0A5639} = {38AAEE27-E989-34FC-BAC9-BA9F9C0A5639}
	EndProjectSection
EndProject
Project("{8BC9CEB8-8B4A-11D0-8D11-00A0C91BC942}") = "imageenc", "imageenc.vcxproj", "{683C67B9-45A3-334A-9476-29427FCC78C0}"
	ProjectSection(ProjectDependencies) = postProject
		{C3A90726-A2E0-3525-B1A1-BD2F8885D1F2} = {C3A90726-A2E0-3525-B1A1-BD2F8885D1F2}
		{28B80E64-8DC3-3291-9023-23E4C7FCD5A1} = {28B80E64-8DC3-3291-9023-23E4C7FCD5A1}
		{E561AE6C-D7FC-36E4-9D91-B0F5B2747086} = {E561AE6C-D7FC-36E4-9D91-B0F5B2747086}
	EndProjectSection
EndProject
Project("{8BC9CEB8-8B4A-11D0-8D11-00A0C91BC942}") = "imageioutil", "imageioutil.vcxproj", "{C3A90726-A2E0-3525-B1A1-BD2F8885D1F2}"
	ProjectSection(ProjectDependencies) = postProject
		{28B80E64-8DC3-3291-9023-23E4C7FCD5A1} = {28B80E64-8DC3-3291-9023-23E4C7FCD5A1}
		{E561AE6C-D7FC-36E4-9D91-B0F5B2747086} = {E561AE6C-D7FC-36E4-9D91-B0F5B2747086}
	EndProjectSection
EndProject
Project("{8BC9CEB8-8B4A-11D0-8D11-00A0C91BC942}") = "img2webp", "img2webp.vcxproj", "{2550C463-54EA-3979-8849-659FC61E04C5}"
	ProjectSection(ProjectDependencies) = postProject
		{97C2FE97-C4ED-3F43-BA8C-1D896AB8D4B9} = {97C2FE97-C4ED-3F43-BA8C-1D896AB8D4B9}
		{DE63556A-2DCC-38E0-BF13-2AE20D835EFF} = {DE63556A-2DCC-38E0-BF13-2AE20D835EFF}
		{C3A90726-A2E0-3525-B1A1-BD2F8885D1F2} = {C3A90726-A2E0-3525-B1A1-BD2F8885D1F2}
		{999F8993-5C78-395F-B2DF-9BB7FCA0BA67} = {999F8993-5C78-395F-B2DF-9BB7FCA0BA67}
		{28B80E64-8DC3-3291-9023-23E4C7FCD5A1} = {28B80E64-8DC3-3291-9023-23E4C7FCD5A1}
		{E561AE6C-D7FC-36E4-9D91-B0F5B2747086} = {E561AE6C-D7FC-36E4-9D91-B0F5B2747086}
		{38AAEE27-E989-34FC-BAC9-BA9F9C0A5639} = {38AAEE27-E989-34FC-BAC9-BA9F9C0A5639}
	EndProjectSection
EndProject
Project("{8BC9CEB8-8B4A-11D0-8D11-00A0C91BC942}") = "libwebpmux", "libwebpmux.vcxproj", "{999F8993-5C78-395F-B2DF-9BB7FCA0BA67}"
	ProjectSection(ProjectDependencies) = postProject
		{28B80E64-8DC3-3291-9023-23E4C7FCD5A1} = {28B80E64-8DC3-3291-9023-23E4C7FCD5A1}
		{E561AE6C-D7FC-36E4-9D91-B0F5B2747086} = {E561AE6C-D7FC-36E4-9D91-B0F5B2747086}
	EndProjectSection
EndProject
Project("{8BC9CEB8-8B4A-11D0-8D11-00A0C91BC942}") = "sharpyuv", "sharpyuv.vcxproj", "{28B80E64-8DC3-3291-9023-23E4C7FCD5A1}"
EndProject
Project("{8BC9CEB8-8B4A-11D0-8D11-00A0C91BC942}") = "webp", "webp.vcxproj", "{E561AE6C-D7FC-36E4-9D91-B0F5B2747086}"
	ProjectSection(ProjectDependencies) = postProject
		{28B80E64-8DC3-3291-9023-23E4C7FCD5A1} = {28B80E64-8DC3-3291-9023-23E4C7FCD5A1}
		{22CB8DDE-F6C2-395C-A5A4-45CD76D52D52} = {22CB8DDE-F6C2-395C-A5A4-45CD76D52D52}
		{0E35DCC6-F392-3A78-99E2-F29C522B51FA} = {0E35DCC6-F392-3A78-99E2-F29C522B51FA}
		{5571986A-BDF9-3DD0-B902-E2C900333DE2} = {5571986A-BDF9-3DD0-B902-E2C900333DE2}
		{D91C87A3-0663-31CB-BE6C-FAC9CBE4B933} = {D91C87A3-0663-31CB-BE6C-FAC9CBE4B933}
	EndProjectSection
EndProject
Project("{8BC9CEB8-8B4A-11D0-8D11-00A0C91BC942}") = "webp_quality", "webp_quality.vcxproj", "{BA792834-4FD7-315A-BF34-F11AEE0F0956}"
	ProjectSection(ProjectDependencies) = postProject
		{97C2FE97-C4ED-3F43-BA8C-1D896AB8D4B9} = {97C2FE97-C4ED-3F43-BA8C-1D896AB8D4B9}
		{A3420854-2158-3954-8111-9480850FE0CD} = {A3420854-2158-3954-8111-9480850FE0CD}
		{DE63556A-2DCC-38E0-BF13-2AE20D835EFF} = {DE63556A-2DCC-38E0-BF13-2AE20D835EFF}
		{C3A90726-A2E0-3525-B1A1-BD2F8885D1F2} = {C3A90726-A2E0-3525-B1A1-BD2F8885D1F2}
		{28B80E64-8DC3-3291-9023-23E4C7FCD5A1} = {28B80E64-8DC3-3291-9023-23E4C7FCD5A1}
		{E561AE6C-D7FC-36E4-9D91-B0F5B2747086} = {E561AE6C-D7FC-36E4-9D91-B0F5B2747086}
		{38AAEE27-E989-34FC-BAC9-BA9F9C0A5639} = {38AAEE27-E989-34FC-BAC9-BA9F9C0A5639}
	EndProjectSection
EndProject
Project("{8BC9CEB8-8B4A-11D0-8D11-00A0C91BC942}") = "webpdecode", "webpdecode.vcxproj", "{22CB8DDE-F6C2-395C-A5A4-45CD76D52D52}"
EndProject
Project("{8BC9CEB8-8B4A-11D0-8D11-00A0C91BC942}") = "webpdecoder", "webpdecoder.vcxproj", "{AF217ADE-F57F-3480-A6EA-E2DB407D97E0}"
	ProjectSection(ProjectDependencies) = postProject
		{22CB8DDE-F6C2-395C-A5A4-45CD76D52D52} = {22CB8DDE-F6C2-395C-A5A4-45CD76D52D52}
		{536D20AA-68EC-3EBD-AA01-7C59AF7901DA} = {536D20AA-68EC-3EBD-AA01-7C59AF7901DA}
		{0A834A33-D4F3-3E89-8FF6-51D51441AC4A} = {0A834A33-D4F3-3E89-8FF6-51D51441AC4A}
	EndProjectSection
EndProject
Project("{8BC9CEB8-8B4A-11D0-8D11-00A0C91BC942}") = "webpdemux", "webpdemux.vcxproj", "{38AAEE27-E989-34FC-BAC9-BA9F9C0A5639}"
	ProjectSection(ProjectDependencies) = postProject
		{28B80E64-8DC3-3291-9023-23E4C7FCD5A1} = {28B80E64-8DC3-3291-9023-23E4C7FCD5A1}
		{E561AE6C-D7FC-36E4-9D91-B0F5B2747086} = {E561AE6C-D7FC-36E4-9D91-B0F5B2747086}
	EndProjectSection
EndProject
Project("{8BC9CEB8-8B4A-11D0-8D11-00A0C91BC942}") = "webpdsp", "webpdsp.vcxproj", "{0E35DCC6-F392-3A78-99E2-F29C522B51FA}"
EndProject
Project("{8BC9CEB8-8B4A-11D0-8D11-00A0C91BC942}") = "webpdspdecode", "webpdspdecode.vcxproj", "{536D20AA-68EC-3EBD-AA01-7C59AF7901DA}"
EndProject
Project("{8BC9CEB8-8B4A-11D0-8D11-00A0C91BC942}") = "webpencode", "webpencode.vcxproj", "{5571986A-BDF9-3DD0-B902-E2C900333DE2}"
EndProject
Project("{8BC9CEB8-8B4A-11D0-8D11-00A0C91BC942}") = "webpinfo", "webpinfo.vcxproj", "{1A487B15-84DC-3C8B-870C-D8A64AFB9D42}"
	ProjectSection(ProjectDependencies) = postProject
		{97C2FE97-C4ED-3F43-BA8C-1D896AB8D4B9} = {97C2FE97-C4ED-3F43-BA8C-1D896AB8D4B9}
		{C3A90726-A2E0-3525-B1A1-BD2F8885D1F2} = {C3A90726-A2E0-3525-B1A1-BD2F8885D1F2}
		{28B80E64-8DC3-3291-9023-23E4C7FCD5A1} = {28B80E64-8DC3-3291-9023-23E4C7FCD5A1}
		{E561AE6C-D7FC-36E4-9D91-B0F5B2747086} = {E561AE6C-D7FC-36E4-9D91-B0F5B2747086}
	EndProjectSection
EndProject
Project("{8BC9CEB8-8B4A-11D0-8D11-00A0C91BC942}") = "webpmux", "webpmux.vcxproj", "{1EFEC69A-7D38-3A05-B5FF-FB94734051E0}"
	ProjectSection(ProjectDependencies) = postProject
		{97C2FE97-C4ED-3F43-BA8C-1D896AB8D4B9} = {97C2FE97-C4ED-3F43-BA8C-1D896AB8D4B9}
		{C3A90726-A2E0-3525-B1A1-BD2F8885D1F2} = {C3A90726-A2E0-3525-B1A1-BD2F8885D1F2}
		{999F8993-5C78-395F-B2DF-9BB7FCA0BA67} = {999F8993-5C78-395F-B2DF-9BB7FCA0BA67}
		{28B80E64-8DC3-3291-9023-23E4C7FCD5A1} = {28B80E64-8DC3-3291-9023-23E4C7FCD5A1}
		{E561AE6C-D7FC-36E4-9D91-B0F5B2747086} = {E561AE6C-D7FC-36E4-9D91-B0F5B2747086}
	EndProjectSection
EndProject
Project("{8BC9CEB8-8B4A-11D0-8D11-00A0C91BC942}") = "webputils", "webputils.vcxproj", "{D91C87A3-0663-31CB-BE6C-FAC9CBE4B933}"
EndProject
Project("{8BC9CEB8-8B4A-11D0-8D11-00A0C91BC942}") = "webputilsdecode", "webputilsdecode.vcxproj", "{0A834A33-D4F3-3E89-8FF6-51D51441AC4A}"
EndProject
Global
	GlobalSection(SolutionConfigurationPlatforms) = preSolution
		vs2019_Debug|x64 = vs2019_Debug|x64
		vs2019_Release|x64 = vs2019_Release|x64
		vs2022_Debug|x64 = vs2022_Debug|x64
		vs2022_Release|x64 = vs2022_Release|x64
	EndGlobalSection
	GlobalSection(ProjectConfigurationPlatforms) = postSolution
		{745CABC6-FE5F-3A77-A51B-CF4EE832D2A6}.vs2019_Debug|x64.ActiveCfg = vs2019_Debug|x64
		{745CABC6-FE5F-3A77-A51B-CF4EE832D2A6}.vs2019_Debug|x64.Build.0 = vs2019_Debug|x64
		{745CABC6-FE5F-3A77-A51B-CF4EE832D2A6}.vs2019_Release|x64.ActiveCfg = vs2019_Release|x64
		{745CABC6-FE5F-3A77-A51B-CF4EE832D2A6}.vs2019_Release|x64.Build.0 = vs2019_Release|x64
		{745CABC6-FE5F-3A77-A51B-CF4EE832D2A6}.vs2022_Debug|x64.ActiveCfg = vs2022_Debug|x64
		{745CABC6-FE5F-3A77-A51B-CF4EE832D2A6}.vs2022_Debug|x64.Build.0 = vs2022_Debug|x64
		{745CABC6-FE5F-3A77-A51B-CF4EE832D2A6}.vs2022_Release|x64.ActiveCfg = vs2022_Release|x64
		{745CABC6-FE5F-3A77-A51B-CF4EE832D2A6}.vs2022_Release|x64.Build.0 = vs2022_Release|x64
		{551AD50B-F173-3E83-AFD3-CFB5A7AC9BEB}.vs2019_Debug|x64.ActiveCfg = vs2019_Debug|x64
		{551AD50B-F173-3E83-AFD3-CFB5A7AC9BEB}.vs2019_Debug|x64.Build.0 = vs2019_Debug|x64
		{551AD50B-F173-3E83-AFD3-CFB5A7AC9BEB}.vs2019_Release|x64.ActiveCfg = vs2019_Release|x64
		{551AD50B-F173-3E83-AFD3-CFB5A7AC9BEB}.vs2019_Release|x64.Build.0 = vs2019_Release|x64
		{551AD50B-F173-3E83-AFD3-CFB5A7AC9BEB}.vs2022_Debug|x64.ActiveCfg = vs2022_Debug|x64
		{551AD50B-F173-3E83-AFD3-CFB5A7AC9BEB}.vs2022_Debug|x64.Build.0 = vs2022_Debug|x64
		{551AD50B-F173-3E83-AFD3-CFB5A7AC9BEB}.vs2022_Release|x64.ActiveCfg = vs2022_Release|x64
		{551AD50B-F173-3E83-AFD3-CFB5A7AC9BEB}.vs2022_Release|x64.Build.0 = vs2022_Release|x64
		{FB4D9B66-31A1-392F-9C32-554E60DC9B74}.vs2019_Debug|x64.ActiveCfg = vs2019_Debug|x64
		{FB4D9B66-31A1-392F-9C32-554E60DC9B74}.vs2019_Debug|x64.Build.0 = vs2019_Debug|x64
		{FB4D9B66-31A1-392F-9C32-554E60DC9B74}.vs2019_Release|x64.ActiveCfg = vs2019_Release|x64
		{FB4D9B66-31A1-392F-9C32-554E60DC9B74}.vs2019_Release|x64.Build.0 = vs2019_Release|x64
		{FB4D9B66-31A1-392F-9C32-554E60DC9B74}.vs2022_Debug|x64.ActiveCfg = vs2022_Debug|x64
		{FB4D9B66-31A1-392F-9C32-554E60DC9B74}.vs2022_Debug|x64.Build.0 = vs2022_Debug|x64
		{FB4D9B66-31A1-392F-9C32-554E60DC9B74}.vs2022_Release|x64.ActiveCfg = vs2022_Release|x64
		{FB4D9B66-31A1-392F-9C32-554E60DC9B74}.vs2022_Release|x64.Build.0 = vs2022_Release|x64
		{CBBD0579-09B8-3FB6-8CDA-CE97747E2A6A}.vs2019_Debug|x64.ActiveCfg = vs2019_Debug|x64
		{CBBD0579-09B8-3FB6-8CDA-CE97747E2A6A}.vs2019_Debug|x64.Build.0 = vs2019_Debug|x64
		{CBBD0579-09B8-3FB6-8CDA-CE97747E2A6A}.vs2019_Release|x64.ActiveCfg = vs2019_Release|x64
		{CBBD0579-09B8-3FB6-8CDA-CE97747E2A6A}.vs2019_Release|x64.Build.0 = vs2019_Release|x64
		{CBBD0579-09B8-3FB6-8CDA-CE97747E2A6A}.vs2022_Debug|x64.ActiveCfg = vs2022_Debug|x64
		{CBBD0579-09B8-3FB6-8CDA-CE97747E2A6A}.vs2022_Debug|x64.Build.0 = vs2022_Debug|x64
		{CBBD0579-09B8-3FB6-8CDA-CE97747E2A6A}.vs2022_Release|x64.ActiveCfg = vs2022_Release|x64
		{CBBD0579-09B8-3FB6-8CDA-CE97747E2A6A}.vs2022_Release|x64.Build.0 = vs2022_Release|x64
		{97C2FE97-C4ED-3F43-BA8C-1D896AB8D4B9}.vs2019_Debug|x64.ActiveCfg = vs2019_Debug|x64
		{97C2FE97-C4ED-3F43-BA8C-1D896AB8D4B9}.vs2019_Debug|x64.Build.0 = vs2019_Debug|x64
		{97C2FE97-C4ED-3F43-BA8C-1D896AB8D4B9}.vs2019_Release|x64.ActiveCfg = vs2019_Release|x64
		{97C2FE97-C4ED-3F43-BA8C-1D896AB8D4B9}.vs2019_Release|x64.Build.0 = vs2019_Release|x64
		{97C2FE97-C4ED-3F43-BA8C-1D896AB8D4B9}.vs2022_Debug|x64.ActiveCfg = vs2022_Debug|x64
		{97C2FE97-C4ED-3F43-BA8C-1D896AB8D4B9}.vs2022_Debug|x64.Build.0 = vs2022_Debug|x64
		{97C2FE97-C4ED-3F43-BA8C-1D896AB8D4B9}.vs2022_Release|x64.ActiveCfg = vs2022_Release|x64
		{97C2FE97-C4ED-3F43-BA8C-1D896AB8D4B9}.vs2022_Release|x64.Build.0 = vs2022_Release|x64
		{A3420854-2158-3954-8111-9480850FE0CD}.vs2019_Debug|x64.ActiveCfg = vs2019_Debug|x64
		{A3420854-2158-3954-8111-9480850FE0CD}.vs2019_Debug|x64.Build.0 = vs2019_Debug|x64
		{A3420854-2158-3954-8111-9480850FE0CD}.vs2019_Release|x64.ActiveCfg = vs2019_Release|x64
		{A3420854-2158-3954-8111-9480850FE0CD}.vs2019_Release|x64.Build.0 = vs2019_Release|x64
		{A3420854-2158-3954-8111-9480850FE0CD}.vs2022_Debug|x64.ActiveCfg = vs2022_Debug|x64
		{A3420854-2158-3954-8111-9480850FE0CD}.vs2022_Debug|x64.Build.0 = vs2022_Debug|x64
		{A3420854-2158-3954-8111-9480850FE0CD}.vs2022_Release|x64.ActiveCfg = vs2022_Release|x64
		{A3420854-2158-3954-8111-9480850FE0CD}.vs2022_Release|x64.Build.0 = vs2022_Release|x64
		{C122CD9D-5768-3525-A6F0-6C72320AF7FF}.vs2019_Debug|x64.ActiveCfg = vs2019_Debug|x64
		{C122CD9D-5768-3525-A6F0-6C72320AF7FF}.vs2019_Debug|x64.Build.0 = vs2019_Debug|x64
		{C122CD9D-5768-3525-A6F0-6C72320AF7FF}.vs2019_Release|x64.ActiveCfg = vs2019_Release|x64
		{C122CD9D-5768-3525-A6F0-6C72320AF7FF}.vs2019_Release|x64.Build.0 = vs2019_Release|x64
		{C122CD9D-5768-3525-A6F0-6C72320AF7FF}.vs2022_Debug|x64.ActiveCfg = vs2022_Debug|x64
		{C122CD9D-5768-3525-A6F0-6C72320AF7FF}.vs2022_Debug|x64.Build.0 = vs2022_Debug|x64
		{C122CD9D-5768-3525-A6F0-6C72320AF7FF}.vs2022_Release|x64.ActiveCfg = vs2022_Release|x64
		{C122CD9D-5768-3525-A6F0-6C72320AF7FF}.vs2022_Release|x64.Build.0 = vs2022_Release|x64
		{5124CB78-88D7-3D89-BB3A-E62AF2F46504}.vs2019_Debug|x64.ActiveCfg = vs2019_Debug|x64
		{5124CB78-88D7-3D89-BB3A-E62AF2F46504}.vs2019_Debug|x64.Build.0 = vs2019_Debug|x64
		{5124CB78-88D7-3D89-BB3A-E62AF2F46504}.vs2019_Release|x64.ActiveCfg = vs2019_Release|x64
		{5124CB78-88D7-3D89-BB3A-E62AF2F46504}.vs2019_Release|x64.Build.0 = vs2019_Release|x64
		{5124CB78-88D7-3D89-BB3A-E62AF2F46504}.vs2022_Debug|x64.ActiveCfg = vs2022_Debug|x64
		{5124CB78-88D7-3D89-BB3A-E62AF2F46504}.vs2022_Debug|x64.Build.0 = vs2022_Debug|x64
		{5124CB78-88D7-3D89-BB3A-E62AF2F46504}.vs2022_Release|x64.ActiveCfg = vs2022_Release|x64
		{5124CB78-88D7-3D89-BB3A-E62AF2F46504}.vs2022_Release|x64.Build.0 = vs2022_Release|x64
		{DE63556A-2DCC-38E0-BF13-2AE20D835EFF}.vs2019_Debug|x64.ActiveCfg = vs2019_Debug|x64
		{DE63556A-2DCC-38E0-BF13-2AE20D835EFF}.vs2019_Debug|x64.Build.0 = vs2019_Debug|x64
		{DE63556A-2DCC-38E0-BF13-2AE20D835EFF}.vs2019_Release|x64.ActiveCfg = vs2019_Release|x64
		{DE63556A-2DCC-38E0-BF13-2AE20D835EFF}.vs2019_Release|x64.Build.0 = vs2019_Release|x64
		{DE63556A-2DCC-38E0-BF13-2AE20D835EFF}.vs2022_Debug|x64.ActiveCfg = vs2022_Debug|x64
		{DE63556A-2DCC-38E0-BF13-2AE20D835EFF}.vs2022_Debug|x64.Build.0 = vs2022_Debug|x64
		{DE63556A-2DCC-38E0-BF13-2AE20D835EFF}.vs2022_Release|x64.ActiveCfg = vs2022_Release|x64
		{DE63556A-2DCC-38E0-BF13-2AE20D835EFF}.vs2022_Release|x64.Build.0 = vs2022_Release|x64
		{683C67B9-45A3-334A-9476-29427FCC78C0}.vs2019_Debug|x64.ActiveCfg = vs2019_Debug|x64
		{683C67B9-45A3-334A-9476-29427FCC78C0}.vs2019_Debug|x64.Build.0 = vs2019_Debug|x64
		{683C67B9-45A3-334A-9476-29427FCC78C0}.vs2019_Release|x64.ActiveCfg = vs2019_Release|x64
		{683C67B9-45A3-334A-9476-29427FCC78C0}.vs2019_Release|x64.Build.0 = vs2019_Release|x64
		{683C67B9-45A3-334A-9476-29427FCC78C0}.vs2022_Debug|x64.ActiveCfg = vs2022_Debug|x64
		{683C67B9-45A3-334A-9476-29427FCC78C0}.vs2022_Debug|x64.Build.0 = vs2022_Debug|x64
		{683C67B9-45A3-334A-9476-29427FCC78C0}.vs2022_Release|x64.ActiveCfg = vs2022_Release|x64
		{683C67B9-45A3-334A-9476-29427FCC78C0}.vs2022_Release|x64.Build.0 = vs2022_Release|x64
		{C3A90726-A2E0-3525-B1A1-BD2F8885D1F2}.vs2019_Debug|x64.ActiveCfg = vs2019_Debug|x64
		{C3A90726-A2E0-3525-B1A1-BD2F8885D1F2}.vs2019_Debug|x64.Build.0 = vs2019_Debug|x64
		{C3A90726-A2E0-3525-B1A1-BD2F8885D1F2}.vs2019_Release|x64.ActiveCfg = vs2019_Release|x64
		{C3A90726-A2E0-3525-B1A1-BD2F8885D1F2}.vs2019_Release|x64.Build.0 = vs2019_Release|x64
		{C3A90726-A2E0-3525-B1A1-BD2F8885D1F2}.vs2022_Debug|x64.ActiveCfg = vs2022_Debug|x64
		{C3A90726-A2E0-3525-B1A1-BD2F8885D1F2}.vs2022_Debug|x64.Build.0 = vs2022_Debug|x64
		{C3A90726-A2E0-3525-B1A1-BD2F8885D1F2}.vs2022_Release|x64.ActiveCfg = vs2022_Release|x64
		{C3A90726-A2E0-3525-B1A1-BD2F8885D1F2}.vs2022_Release|x64.Build.0 = vs2022_Release|x64
		{2550C463-54EA-3979-8849-659FC61E04C5}.vs2019_Debug|x64.ActiveCfg = vs2019_Debug|x64
		{2550C463-54EA-3979-8849-659FC61E04C5}.vs2019_Debug|x64.Build.0 = vs2019_Debug|x64
		{2550C463-54EA-3979-8849-659FC61E04C5}.vs2019_Release|x64.ActiveCfg = vs2019_Release|x64
		{2550C463-54EA-3979-8849-659FC61E04C5}.vs2019_Release|x64.Build.0 = vs2019_Release|x64
		{2550C463-54EA-3979-8849-659FC61E04C5}.vs2022_Debug|x64.ActiveCfg = vs2022_Debug|x64
		{2550C463-54EA-3979-8849-659FC61E04C5}.vs2022_Debug|x64.Build.0 = vs2022_Debug|x64
		{2550C463-54EA-3979-8849-659FC61E04C5}.vs2022_Release|x64.ActiveCfg = vs2022_Release|x64
		{2550C463-54EA-3979-8849-659FC61E04C5}.vs2022_Release|x64.Build.0 = vs2022_Release|x64
		{999F8993-5C78-395F-B2DF-9BB7FCA0BA67}.vs2019_Debug|x64.ActiveCfg = vs2019_Debug|x64
		{999F8993-5C78-395F-B2DF-9BB7FCA0BA67}.vs2019_Debug|x64.Build.0 = vs2019_Debug|x64
		{999F8993-5C78-395F-B2DF-9BB7FCA0BA67}.vs2019_Release|x64.ActiveCfg = vs2019_Release|x64
		{999F8993-5C78-395F-B2DF-9BB7FCA0BA67}.vs2019_Release|x64.Build.0 = vs2019_Release|x64
		{999F8993-5C78-395F-B2DF-9BB7FCA0BA67}.vs2022_Debug|x64.ActiveCfg = vs2022_Debug|x64
		{999F8993-5C78-395F-B2DF-9BB7FCA0BA67}.vs2022_Debug|x64.Build.0 = vs2022_Debug|x64
		{999F8993-5C78-395F-B2DF-9BB7FCA0BA67}.vs2022_Release|x64.ActiveCfg = vs2022_Release|x64
		{999F8993-5C78-395F-B2DF-9BB7FCA0BA67}.vs2022_Release|x64.Build.0 = vs2022_Release|x64
		{28B80E64-8DC3-3291-9023-23E4C7FCD5A1}.vs2019_Debug|x64.ActiveCfg = vs2019_Debug|x64
		{28B80E64-8DC3-3291-9023-23E4C7FCD5A1}.vs2019_Debug|x64.Build.0 = vs2019_Debug|x64
		{28B80E64-8DC3-3291-9023-23E4C7FCD5A1}.vs2019_Release|x64.ActiveCfg = vs2019_Release|x64
		{28B80E64-8DC3-3291-9023-23E4C7FCD5A1}.vs2019_Release|x64.Build.0 = vs2019_Release|x64
		{28B80E64-8DC3-3291-9023-23E4C7FCD5A1}.vs2022_Debug|x64.ActiveCfg = vs2022_Debug|x64
		{28B80E64-8DC3-3291-9023-23E4C7FCD5A1}.vs2022_Debug|x64.Build.0 = vs2022_Debug|x64
		{28B80E64-8DC3-3291-9023-23E4C7FCD5A1}.vs2022_Release|x64.ActiveCfg = vs2022_Release|x64
		{28B80E64-8DC3-3291-9023-23E4C7FCD5A1}.vs2022_Release|x64.Build.0 = vs2022_Release|x64
		{E561AE6C-D7FC-36E4-9D91-B0F5B2747086}.vs2019_Debug|x64.ActiveCfg = vs2019_Debug|x64
		{E561AE6C-D7FC-36E4-9D91-B0F5B2747086}.vs2019_Debug|x64.Build.0 = vs2019_Debug|x64
		{E561AE6C-D7FC-36E4-9D91-B0F5B2747086}.vs2019_Release|x64.ActiveCfg = vs2019_Release|x64
		{E561AE6C-D7FC-36E4-9D91-B0F5B2747086}.vs2019_Release|x64.Build.0 = vs2019_Release|x64
		{E561AE6C-D7FC-36E4-9D91-B0F5B2747086}.vs2022_Debug|x64.ActiveCfg = vs2022_Debug|x64
		{E561AE6C-D7FC-36E4-9D91-B0F5B2747086}.vs2022_Debug|x64.Build.0 = vs2022_Debug|x64
		{E561AE6C-D7FC-36E4-9D91-B0F5B2747086}.vs2022_Release|x64.ActiveCfg = vs2022_Release|x64
		{E561AE6C-D7FC-36E4-9D91-B0F5B2747086}.vs2022_Release|x64.Build.0 = vs2022_Release|x64
		{BA792834-4FD7-315A-BF34-F11AEE0F0956}.vs2019_Debug|x64.ActiveCfg = vs2019_Debug|x64
		{BA792834-4FD7-315A-BF34-F11AEE0F0956}.vs2019_Debug|x64.Build.0 = vs2019_Debug|x64
		{BA792834-4FD7-315A-BF34-F11AEE0F0956}.vs2019_Release|x64.ActiveCfg = vs2019_Release|x64
		{BA792834-4FD7-315A-BF34-F11AEE0F0956}.vs2019_Release|x64.Build.0 = vs2019_Release|x64
		{BA792834-4FD7-315A-BF34-F11AEE0F0956}.vs2022_Debug|x64.ActiveCfg = vs2022_Debug|x64
		{BA792834-4FD7-315A-BF34-F11AEE0F0956}.vs2022_Debug|x64.Build.0 = vs2022_Debug|x64
		{BA792834-4FD7-315A-BF34-F11AEE0F0956}.vs2022_Release|x64.ActiveCfg = vs2022_Release|x64
		{BA792834-4FD7-315A-BF34-F11AEE0F0956}.vs2022_Release|x64.Build.0 = vs2022_Release|x64
		{22CB8DDE-F6C2-395C-A5A4-45CD76D52D52}.vs2019_Debug|x64.ActiveCfg = vs2019_Debug|x64
		{22CB8DDE-F6C2-395C-A5A4-45CD76D52D52}.vs2019_Debug|x64.Build.0 = vs2019_Debug|x64
		{22CB8DDE-F6C2-395C-A5A4-45CD76D52D52}.vs2019_Release|x64.ActiveCfg = vs2019_Release|x64
		{22CB8DDE-F6C2-395C-A5A4-45CD76D52D52}.vs2019_Release|x64.Build.0 = vs2019_Release|x64
		{22CB8DDE-F6C2-395C-A5A4-45CD76D52D52}.vs2022_Debug|x64.ActiveCfg = vs2022_Debug|x64
		{22CB8DDE-F6C2-395C-A5A4-45CD76D52D52}.vs2022_Debug|x64.Build.0 = vs2022_Debug|x64
		{22CB8DDE-F6C2-395C-A5A4-45CD76D52D52}.vs2022_Release|x64.ActiveCfg = vs2022_Release|x64
		{22CB8DDE-F6C2-395C-A5A4-45CD76D52D52}.vs2022_Release|x64.Build.0 = vs2022_Release|x64
		{AF217ADE-F57F-3480-A6EA-E2DB407D97E0}.vs2019_Debug|x64.ActiveCfg = vs2019_Debug|x64
		{AF217ADE-F57F-3480-A6EA-E2DB407D97E0}.vs2019_Debug|x64.Build.0 = vs2019_Debug|x64
		{AF217ADE-F57F-3480-A6EA-E2DB407D97E0}.vs2019_Release|x64.ActiveCfg = vs2019_Release|x64
		{AF217ADE-F57F-3480-A6EA-E2DB407D97E0}.vs2019_Release|x64.Build.0 = vs2019_Release|x64
		{AF217ADE-F57F-3480-A6EA-E2DB407D97E0}.vs2022_Debug|x64.ActiveCfg = vs2022_Debug|x64
		{AF217ADE-F57F-3480-A6EA-E2DB407D97E0}.vs2022_Debug|x64.Build.0 = vs2022_Debug|x64
		{AF217ADE-F57F-3480-A6EA-E2DB407D97E0}.vs2022_Release|x64.ActiveCfg = vs2022_Release|x64
		{AF217ADE-F57F-3480-A6EA-E2DB407D97E0}.vs2022_Release|x64.Build.0 = vs2022_Release|x64
		{38AAEE27-E989-34FC-BAC9-BA9F9C0A5639}.vs2019_Debug|x64.ActiveCfg = vs2019_Debug|x64
		{38AAEE27-E989-34FC-BAC9-BA9F9C0A5639}.vs2019_Debug|x64.Build.0 = vs2019_Debug|x64
		{38AAEE27-E989-34FC-BAC9-BA9F9C0A5639}.vs2019_Release|x64.ActiveCfg = vs2019_Release|x64
		{38AAEE27-E989-34FC-BAC9-BA9F9C0A5639}.vs2019_Release|x64.Build.0 = vs2019_Release|x64
		{38AAEE27-E989-34FC-BAC9-BA9F9C0A5639}.vs2022_Debug|x64.ActiveCfg = vs2022_Debug|x64
		{38AAEE27-E989-34FC-BAC9-BA9F9C0A5639}.vs2022_Debug|x64.Build.0 = vs2022_Debug|x64
		{38AAEE27-E989-34FC-BAC9-BA9F9C0A5639}.vs2022_Release|x64.ActiveCfg = vs2022_Release|x64
		{38AAEE27-E989-34FC-BAC9-BA9F9C0A5639}.vs2022_Release|x64.Build.0 = vs2022_Release|x64
		{0E35DCC6-F392-3A78-99E2-F29C522B51FA}.vs2019_Debug|x64.ActiveCfg = vs2019_Debug|x64
		{0E35DCC6-F392-3A78-99E2-F29C522B51FA}.vs2019_Debug|x64.Build.0 = vs2019_Debug|x64
		{0E35DCC6-F392-3A78-99E2-F29C522B51FA}.vs2019_Release|x64.ActiveCfg = vs2019_Release|x64
		{0E35DCC6-F392-3A78-99E2-F29C522B51FA}.vs2019_Release|x64.Build.0 = vs2019_Release|x64
		{0E35DCC6-F392-3A78-99E2-F29C522B51FA}.vs2022_Debug|x64.ActiveCfg = vs2022_Debug|x64
		{0E35DCC6-F392-3A78-99E2-F29C522B51FA}.vs2022_Debug|x64.Build.0 = vs2022_Debug|x64
		{0E35DCC6-F392-3A78-99E2-F29C522B51FA}.vs2022_Release|x64.ActiveCfg = vs2022_Release|x64
		{0E35DCC6-F392-3A78-99E2-F29C522B51FA}.vs2022_Release|x64.Build.0 = vs2022_Release|x64
		{536D20AA-68EC-3EBD-AA01-7C59AF7901DA}.vs2019_Debug|x64.ActiveCfg = vs2019_Debug|x64
		{536D20AA-68EC-3EBD-AA01-7C59AF7901DA}.vs2019_Debug|x64.Build.0 = vs2019_Debug|x64
		{536D20AA-68EC-3EBD-AA01-7C59AF7901DA}.vs2019_Release|x64.ActiveCfg = vs2019_Release|x64
		{536D20AA-68EC-3EBD-AA01-7C59AF7901DA}.vs2019_Release|x64.Build.0 = vs2019_Release|x64
		{536D20AA-68EC-3EBD-AA01-7C59AF7901DA}.vs2022_Debug|x64.ActiveCfg = vs2022_Debug|x64
		{536D20AA-68EC-3EBD-AA01-7C59AF7901DA}.vs2022_Debug|x64.Build.0 = vs2022_Debug|x64
		{536D20AA-68EC-3EBD-AA01-7C59AF7901DA}.vs2022_Release|x64.ActiveCfg = vs2022_Release|x64
		{536D20AA-68EC-3EBD-AA01-7C59AF7901DA}.vs2022_Release|x64.Build.0 = vs2022_Release|x64
		{5571986A-BDF9-3DD0-B902-E2C900333DE2}.vs2019_Debug|x64.ActiveCfg = vs2019_Debug|x64
		{5571986A-BDF9-3DD0-B902-E2C900333DE2}.vs2019_Debug|x64.Build.0 = vs2019_Debug|x64
		{5571986A-BDF9-3DD0-B902-E2C900333DE2}.vs2019_Release|x64.ActiveCfg = vs2019_Release|x64
		{5571986A-BDF9-3DD0-B902-E2C900333DE2}.vs2019_Release|x64.Build.0 = vs2019_Release|x64
		{5571986A-BDF9-3DD0-B902-E2C900333DE2}.vs2022_Debug|x64.ActiveCfg = vs2022_Debug|x64
		{5571986A-BDF9-3DD0-B902-E2C900333DE2}.vs2022_Debug|x64.Build.0 = vs2022_Debug|x64
		{5571986A-BDF9-3DD0-B902-E2C900333DE2}.vs2022_Release|x64.ActiveCfg = vs2022_Release|x64
		{5571986A-BDF9-3DD0-B902-E2C900333DE2}.vs2022_Release|x64.Build.0 = vs2022_Release|x64
		{1A487B15-84DC-3C8B-870C-D8A64AFB9D42}.vs2019_Debug|x64.ActiveCfg = vs2019_Debug|x64
		{1A487B15-84DC-3C8B-870C-D8A64AFB9D42}.vs2019_Debug|x64.Build.0 = vs2019_Debug|x64
		{1A487B15-84DC-3C8B-870C-D8A64AFB9D42}.vs2019_Release|x64.ActiveCfg = vs2019_Release|x64
		{1A487B15-84DC-3C8B-870C-D8A64AFB9D42}.vs2019_Release|x64.Build.0 = vs2019_Release|x64
		{1A487B15-84DC-3C8B-870C-D8A64AFB9D42}.vs2022_Debug|x64.ActiveCfg = vs2022_Debug|x64
		{1A487B15-84DC-3C8B-870C-D8A64AFB9D42}.vs2022_Debug|x64.Build.0 = vs2022_Debug|x64
		{1A487B15-84DC-3C8B-870C-D8A64AFB9D42}.vs2022_Release|x64.ActiveCfg = vs2022_Release|x64
		{1A487B15-84DC-3C8B-870C-D8A64AFB9D42}.vs2022_Release|x64.Build.0 = vs2022_Release|x64
		{1EFEC69A-7D38-3A05-B5FF-FB94734051E0}.vs2019_Debug|x64.ActiveCfg = vs2019_Debug|x64
		{1EFEC69A-7D38-3A05-B5FF-FB94734051E0}.vs2019_Debug|x64.Build.0 = vs2019_Debug|x64
		{1EFEC69A-7D38-3A05-B5FF-FB94734051E0}.vs2019_Release|x64.ActiveCfg = vs2019_Release|x64
		{1EFEC69A-7D38-3A05-B5FF-FB94734051E0}.vs2019_Release|x64.Build.0 = vs2019_Release|x64
		{1EFEC69A-7D38-3A05-B5FF-FB94734051E0}.vs2022_Debug|x64.ActiveCfg = vs2022_Debug|x64
		{1EFEC69A-7D38-3A05-B5FF-FB94734051E0}.vs2022_Debug|x64.Build.0 = vs2022_Debug|x64
		{1EFEC69A-7D38-3A05-B5FF-FB94734051E0}.vs2022_Release|x64.ActiveCfg = vs2022_Release|x64
		{1EFEC69A-7D38-3A05-B5FF-FB94734051E0}.vs2022_Release|x64.Build.0 = vs2022_Release|x64
		{D91C87A3-0663-31CB-BE6C-FAC9CBE4B933}.vs2019_Debug|x64.ActiveCfg = vs2019_Debug|x64
		{D91C87A3-0663-31CB-BE6C-FAC9CBE4B933}.vs2019_Debug|x64.Build.0 = vs2019_Debug|x64
		{D91C87A3-0663-31CB-BE6C-FAC9CBE4B933}.vs2019_Release|x64.ActiveCfg = vs2019_Release|x64
		{D91C87A3-0663-31CB-BE6C-FAC9CBE4B933}.vs2019_Release|x64.Build.0 = vs2019_Release|x64
		{D91C87A3-0663-31CB-BE6C-FAC9CBE4B933}.vs2022_Debug|x64.ActiveCfg = vs2022_Debug|x64
		{D91C87A3-0663-31CB-BE6C-FAC9CBE4B933}.vs2022_Debug|x64.Build.0 = vs2022_Debug|x64
		{D91C87A3-0663-31CB-BE6C-FAC9CBE4B933}.vs2022_Release|x64.ActiveCfg = vs2022_Release|x64
		{D91C87A3-0663-31CB-BE6C-FAC9CBE4B933}.vs2022_Release|x64.Build.0 = vs2022_Release|x64
		{0A834A33-D4F3-3E89-8FF6-51D51441AC4A}.vs2019_Debug|x64.ActiveCfg = vs2019_Debug|x64
		{0A834A33-D4F3-3E89-8FF6-51D51441AC4A}.vs2019_Debug|x64.Build.0 = vs2019_Debug|x64
		{0A834A33-D4F3-3E89-8FF6-51D51441AC4A}.vs2019_Release|x64.ActiveCfg = vs2019_Release|x64
		{0A834A33-D4F3-3E89-8FF6-51D51441AC4A}.vs2019_Release|x64.Build.0 = vs2019_Release|x64
		{0A834A33-D4F3-3E89-8FF6-51D51441AC4A}.vs2022_Debug|x64.ActiveCfg = vs2022_Debug|x64
		{0A834A33-D4F3-3E89-8FF6-51D51441AC4A}.vs2022_Debug|x64.Build.0 = vs2022_Debug|x64
		{0A834A33-D4F3-3E89-8FF6-51D51441AC4A}.vs2022_Release|x64.ActiveCfg = vs2022_Release|x64
		{0A834A33-D4F3-3E89-8FF6-51D51441AC4A}.vs2022_Release|x64.Build.0 = vs2022_Release|x64
	EndGlobalSection
	GlobalSection(SolutionProperties) = preSolution
		HideSolutionNode = FALSE
	EndGlobalSection
	GlobalSection(ExtensibilityGlobals) = postSolution
		SolutionGuid = {35619BDB-7619-3B0A-A26D-16D68B931472}
	EndGlobalSection
EndGlobal
